
Microsoft Visual Studio Solution File, Format Version 12.00
# Visual Studio Version 17
VisualStudioVersion = 17.4.32804.182
MinimumVisualStudioVersion = 10.0.40219.1
Project("{9A19103F-16F7-4668-BE54-9A1E7A4F7556}") = "testNuke", "testNuke\testNuke.csproj", "{A9E0E17C-8939-4B77-A809-C0B4BCF93C64}"
EndProject
Project("{9A19103F-16F7-4668-BE54-9A1E7A4F7556}") = "testNuke.Tests", "testNuke.Tests\testNuke.Tests.csproj", "{7A63B859-1047-4689-8C23-2EF4BA54C4D0}"
EndProject
Global
	GlobalSection(SolutionConfigurationPlatforms) = preSolution
		Debug|Any CPU = Debug|Any CPU
		Release|Any CPU = Release|Any CPU
	EndGlobalSection
	GlobalSection(ProjectConfigurationPlatforms) = postSolution
		{A9E0E17C-8939-4B77-A809-C0B4BCF93C64}.Debug|Any CPU.ActiveCfg = Debug|Any CPU
		{A9E0E17C-8939-4B77-A809-C0B4BCF93C64}.Debug|Any CPU.Build.0 = Debug|Any CPU
		{A9E0E17C-8939-4B77-A809-C0B4BCF93C64}.Release|Any CPU.ActiveCfg = Release|Any CPU
		{A9E0E17C-8939-4B77-A809-C0B4BCF93C64}.Release|Any CPU.Build.0 = Release|Any CPU
		{7A63B859-1047-4689-8C23-2EF4BA54C4D0}.Debug|Any CPU.ActiveCfg = Debug|Any CPU
		{7A63B859-1047-4689-8C23-2EF4BA54C4D0}.Debug|Any CPU.Build.0 = Debug|Any CPU
		{7A63B859-1047-4689-8C23-2EF4BA54C4D0}.Release|Any CPU.ActiveCfg = Release|Any CPU
		{7A63B859-1047-4689-8C23-2EF4BA54C4D0}.Release|Any CPU.Build.0 = Release|Any CPU
	EndGlobalSection
	GlobalSection(SolutionProperties) = preSolution
		HideSolutionNode = FALSE
	EndGlobalSection
	GlobalSection(ExtensibilityGlobals) = postSolution
		SolutionGuid = {AB99265B-13CA-4F4A-BECA-ECF1297054BE}
	EndGlobalSection
EndGlobal
